
Microsoft Visual Studio Solution File, Format Version 12.00
# Visual Studio Version 16
VisualStudioVersion = 16.0.30011.22
MinimumVisualStudioVersion = 10.0.40219.1
Project("{FAE04EC0-301F-11D3-BF4B-00C04F79EFBC}") = "CS-1", "CS-1\CS-1.csproj", "{42FD661D-F610-41D6-80B5-B3E84B964196}"
EndProject
Project("{FAE04EC0-301F-11D3-BF4B-00C04F79EFBC}") = "empty", "empty\empty.csproj", "{C85FB128-C030-41E2-9CA4-98F4D7DD3F9C}"
EndProject
Project("{2150E333-8FDC-42A3-9474-1A3956D46DE8}") = "Lesson1", "Lesson1", "{9648E498-D875-4607-9CBD-DC255D959AF2}"
EndProject
Project("{2150E333-8FDC-42A3-9474-1A3956D46DE8}") = "Lesson2", "Lesson2", "{34395C9A-2EEC-48FE-A49C-D7145D85042D}"
EndProject
Project("{2150E333-8FDC-42A3-9474-1A3956D46DE8}") = "Homework1", "Homework1", "{5FAF1EA8-EF0C-40B5-9CB4-8F48BEDF2E10}"
EndProject
Project("{FAE04EC0-301F-11D3-BF4B-00C04F79EFBC}") = "Sum", "Sum\Sum.csproj", "{0B5664CF-EABA-4A5C-8811-62ABAA5F9533}"
EndProject
Project("{FAE04EC0-301F-11D3-BF4B-00C04F79EFBC}") = "Library", "Library\Library.csproj", "{2285EABC-E096-4A8E-9D0F-87DDD1892867}"
EndProject
Project("{FAE04EC0-301F-11D3-BF4B-00C04F79EFBC}") = "Form", "Form\Form.csproj", "{7D772CE7-A1A5-4184-A3E8-15318FCEF7B7}"
EndProject
Project("{FAE04EC0-301F-11D3-BF4B-00C04F79EFBC}") = "IMT", "IMT\IMT.csproj", "{37ACD3E7-7FCD-432C-82C9-512C20760AF0}"
EndProject
Project("{FAE04EC0-301F-11D3-BF4B-00C04F79EFBC}") = "Dots", "Dots\Dots.csproj", "{29F7F747-CEA1-428E-BDE2-BF782FB79598}"
EndProject
Project("{FAE04EC0-301F-11D3-BF4B-00C04F79EFBC}") = "Obmen", "Obmen\Obmen.csproj", "{5FA8989B-E250-4E40-85EF-46EB26DE9EFD}"
EndProject
Project("{FAE04EC0-301F-11D3-BF4B-00C04F79EFBC}") = "MyPlace", "MyPlace\MyPlace.csproj", "{3462A3F9-A133-496B-AAEE-C91E3B8478CE}"
EndProject
Project("{FAE04EC0-301F-11D3-BF4B-00C04F79EFBC}") = "LibraryWithPrintAndPause", "LibraryWithPrintAndPause\LibraryWithPrintAndPause.csproj", "{5238C020-8E30-4CB2-B44F-2966244C9840}"
EndProject
Project("{FAE04EC0-301F-11D3-BF4B-00C04F79EFBC}") = "Enums", "Enums\Enums.csproj", "{4E4843A1-E855-4727-83D3-A1896257135F}"
EndProject
Project("{FAE04EC0-301F-11D3-BF4B-00C04F79EFBC}") = "Goto", "Goto\Goto.csproj", "{BFA9029F-BDF9-4848-8341-F8DE905A665C}"
EndProject
Project("{FAE04EC0-301F-11D3-BF4B-00C04F79EFBC}") = "LessonIf", "LessonIf\LessonIf.csproj", "{34C58296-6DD5-438E-BC07-4472AF4F5E80}"
EndProject
Project("{FAE04EC0-301F-11D3-BF4B-00C04F79EFBC}") = "LessonIfAnd", "LessonIfAnd\LessonIfAnd.csproj", "{F0C4FDFB-7FFE-443A-8FA9-66A48F3A61D7}"
EndProject
Project("{FAE04EC0-301F-11D3-BF4B-00C04F79EFBC}") = "While", "While\While.csproj", "{7CC6A6AB-92F0-4A5B-94EA-92F490DBF12F}"
EndProject
Project("{FAE04EC0-301F-11D3-BF4B-00C04F79EFBC}") = "DoWhile", "DoWhile\DoWhile.csproj", "{AE281840-4384-48AB-BBBE-AE639FF79662}"
EndProject
Project("{FAE04EC0-301F-11D3-BF4B-00C04F79EFBC}") = "Million", "Million\Million.csproj", "{647DB7CA-01EF-4497-9728-8EC8692C37A4}"
EndProject
Project("{FAE04EC0-301F-11D3-BF4B-00C04F79EFBC}") = "For", "For\For.csproj", "{7B7B9CD6-7691-4ECA-8E97-217C55BF9824}"
EndProject
Project("{FAE04EC0-301F-11D3-BF4B-00C04F79EFBC}") = "SwitchCase", "SwitchCase\SwitchCase.csproj", "{9EDB1A50-35B6-4535-B828-64D54897F9CB}"
EndProject
Project("{FAE04EC0-301F-11D3-BF4B-00C04F79EFBC}") = "RecursionLoop", "RecursionLoop\RecursionLoop.csproj", "{345CD428-7B01-4DDD-8C93-EFC1C205F7FD}"
EndProject
Project("{FAE04EC0-301F-11D3-BF4B-00C04F79EFBC}") = "DateTimeExp", "DateTime\DateTimeExp.csproj", "{3F284706-8CB5-4D6A-98B6-9E78A13F8FAE}"
EndProject
Project("{2150E333-8FDC-42A3-9474-1A3956D46DE8}") = "Homework2", "Homework2", "{CB3441F5-84C7-4FB5-89D4-7529252EAFB4}"
EndProject
Project("{FAE04EC0-301F-11D3-BF4B-00C04F79EFBC}") = "Homework2Main", "Homework2Main\Homework2Main.csproj", "{4CE08A93-E6DF-4B79-A7E5-F9CEC20A3E45}"
EndProject
Project("{2150E333-8FDC-42A3-9474-1A3956D46DE8}") = "Lesson3", "Lesson3", "{AA0479AC-F62E-4F47-A277-64306FD78656}"
EndProject
Project("{2150E333-8FDC-42A3-9474-1A3956D46DE8}") = "Homework3", "Homework3", "{88A7DFCA-7396-48C4-A755-CA1A3CCE1577}"
EndProject
Project("{FAE04EC0-301F-11D3-BF4B-00C04F79EFBC}") = "Distance", "Distance\Distance.csproj", "{11BDA65D-07DF-452C-A405-CDB501B983EB}"
EndProject
Project("{FAE04EC0-301F-11D3-BF4B-00C04F79EFBC}") = "ClassDate", "ClassDate\ClassDate.csproj", "{A74CA3D2-DFA5-41E2-A1D0-696A655D9188}"
EndProject
Project("{FAE04EC0-301F-11D3-BF4B-00C04F79EFBC}") = "Static", "Static\Static.csproj", "{3AE997B9-A347-419E-AA40-DB0227B55CED}"
EndProject
Project("{FAE04EC0-301F-11D3-BF4B-00C04F79EFBC}") = "TryParse", "TryParse\TryParse.csproj", "{D0EF0B7A-92E7-4777-9F55-0E48E3E06CC8}"
EndProject
Project("{FAE04EC0-301F-11D3-BF4B-00C04F79EFBC}") = "Homework3", "Homework3\Homework3.csproj", "{A2CB305A-6C8C-44AA-9803-29B253238A2C}"
EndProject
Global
	GlobalSection(SolutionConfigurationPlatforms) = preSolution
		Debug|Any CPU = Debug|Any CPU
		Release|Any CPU = Release|Any CPU
	EndGlobalSection
	GlobalSection(ProjectConfigurationPlatforms) = postSolution
		{42FD661D-F610-41D6-80B5-B3E84B964196}.Debug|Any CPU.ActiveCfg = Debug|Any CPU
		{42FD661D-F610-41D6-80B5-B3E84B964196}.Debug|Any CPU.Build.0 = Debug|Any CPU
		{42FD661D-F610-41D6-80B5-B3E84B964196}.Release|Any CPU.ActiveCfg = Release|Any CPU
		{42FD661D-F610-41D6-80B5-B3E84B964196}.Release|Any CPU.Build.0 = Release|Any CPU
		{C85FB128-C030-41E2-9CA4-98F4D7DD3F9C}.Debug|Any CPU.ActiveCfg = Debug|Any CPU
		{C85FB128-C030-41E2-9CA4-98F4D7DD3F9C}.Debug|Any CPU.Build.0 = Debug|Any CPU
		{C85FB128-C030-41E2-9CA4-98F4D7DD3F9C}.Release|Any CPU.ActiveCfg = Release|Any CPU
		{C85FB128-C030-41E2-9CA4-98F4D7DD3F9C}.Release|Any CPU.Build.0 = Release|Any CPU
		{0B5664CF-EABA-4A5C-8811-62ABAA5F9533}.Debug|Any CPU.ActiveCfg = Debug|Any CPU
		{0B5664CF-EABA-4A5C-8811-62ABAA5F9533}.Debug|Any CPU.Build.0 = Debug|Any CPU
		{0B5664CF-EABA-4A5C-8811-62ABAA5F9533}.Release|Any CPU.ActiveCfg = Release|Any CPU
		{0B5664CF-EABA-4A5C-8811-62ABAA5F9533}.Release|Any CPU.Build.0 = Release|Any CPU
		{2285EABC-E096-4A8E-9D0F-87DDD1892867}.Debug|Any CPU.ActiveCfg = Debug|Any CPU
		{2285EABC-E096-4A8E-9D0F-87DDD1892867}.Debug|Any CPU.Build.0 = Debug|Any CPU
		{2285EABC-E096-4A8E-9D0F-87DDD1892867}.Release|Any CPU.ActiveCfg = Release|Any CPU
		{2285EABC-E096-4A8E-9D0F-87DDD1892867}.Release|Any CPU.Build.0 = Release|Any CPU
		{7D772CE7-A1A5-4184-A3E8-15318FCEF7B7}.Debug|Any CPU.ActiveCfg = Debug|Any CPU
		{7D772CE7-A1A5-4184-A3E8-15318FCEF7B7}.Debug|Any CPU.Build.0 = Debug|Any CPU
		{7D772CE7-A1A5-4184-A3E8-15318FCEF7B7}.Release|Any CPU.ActiveCfg = Release|Any CPU
		{7D772CE7-A1A5-4184-A3E8-15318FCEF7B7}.Release|Any CPU.Build.0 = Release|Any CPU
		{37ACD3E7-7FCD-432C-82C9-512C20760AF0}.Debug|Any CPU.ActiveCfg = Debug|Any CPU
		{37ACD3E7-7FCD-432C-82C9-512C20760AF0}.Debug|Any CPU.Build.0 = Debug|Any CPU
		{37ACD3E7-7FCD-432C-82C9-512C20760AF0}.Release|Any CPU.ActiveCfg = Release|Any CPU
		{37ACD3E7-7FCD-432C-82C9-512C20760AF0}.Release|Any CPU.Build.0 = Release|Any CPU
		{29F7F747-CEA1-428E-BDE2-BF782FB79598}.Debug|Any CPU.ActiveCfg = Debug|Any CPU
		{29F7F747-CEA1-428E-BDE2-BF782FB79598}.Debug|Any CPU.Build.0 = Debug|Any CPU
		{29F7F747-CEA1-428E-BDE2-BF782FB79598}.Release|Any CPU.ActiveCfg = Release|Any CPU
		{29F7F747-CEA1-428E-BDE2-BF782FB79598}.Release|Any CPU.Build.0 = Release|Any CPU
		{5FA8989B-E250-4E40-85EF-46EB26DE9EFD}.Debug|Any CPU.ActiveCfg = Debug|Any CPU
		{5FA8989B-E250-4E40-85EF-46EB26DE9EFD}.Debug|Any CPU.Build.0 = Debug|Any CPU
		{5FA8989B-E250-4E40-85EF-46EB26DE9EFD}.Release|Any CPU.ActiveCfg = Release|Any CPU
		{5FA8989B-E250-4E40-85EF-46EB26DE9EFD}.Release|Any CPU.Build.0 = Release|Any CPU
		{3462A3F9-A133-496B-AAEE-C91E3B8478CE}.Debug|Any CPU.ActiveCfg = Debug|Any CPU
		{3462A3F9-A133-496B-AAEE-C91E3B8478CE}.Debug|Any CPU.Build.0 = Debug|Any CPU
		{3462A3F9-A133-496B-AAEE-C91E3B8478CE}.Release|Any CPU.ActiveCfg = Release|Any CPU
		{3462A3F9-A133-496B-AAEE-C91E3B8478CE}.Release|Any CPU.Build.0 = Release|Any CPU
		{5238C020-8E30-4CB2-B44F-2966244C9840}.Debug|Any CPU.ActiveCfg = Debug|Any CPU
		{5238C020-8E30-4CB2-B44F-2966244C9840}.Debug|Any CPU.Build.0 = Debug|Any CPU
		{5238C020-8E30-4CB2-B44F-2966244C9840}.Release|Any CPU.ActiveCfg = Release|Any CPU
		{5238C020-8E30-4CB2-B44F-2966244C9840}.Release|Any CPU.Build.0 = Release|Any CPU
		{4E4843A1-E855-4727-83D3-A1896257135F}.Debug|Any CPU.ActiveCfg = Debug|Any CPU
		{4E4843A1-E855-4727-83D3-A1896257135F}.Debug|Any CPU.Build.0 = Debug|Any CPU
		{4E4843A1-E855-4727-83D3-A1896257135F}.Release|Any CPU.ActiveCfg = Release|Any CPU
		{4E4843A1-E855-4727-83D3-A1896257135F}.Release|Any CPU.Build.0 = Release|Any CPU
		{BFA9029F-BDF9-4848-8341-F8DE905A665C}.Debug|Any CPU.ActiveCfg = Debug|Any CPU
		{BFA9029F-BDF9-4848-8341-F8DE905A665C}.Debug|Any CPU.Build.0 = Debug|Any CPU
		{BFA9029F-BDF9-4848-8341-F8DE905A665C}.Release|Any CPU.ActiveCfg = Release|Any CPU
		{BFA9029F-BDF9-4848-8341-F8DE905A665C}.Release|Any CPU.Build.0 = Release|Any CPU
		{34C58296-6DD5-438E-BC07-4472AF4F5E80}.Debug|Any CPU.ActiveCfg = Debug|Any CPU
		{34C58296-6DD5-438E-BC07-4472AF4F5E80}.Debug|Any CPU.Build.0 = Debug|Any CPU
		{34C58296-6DD5-438E-BC07-4472AF4F5E80}.Release|Any CPU.ActiveCfg = Release|Any CPU
		{34C58296-6DD5-438E-BC07-4472AF4F5E80}.Release|Any CPU.Build.0 = Release|Any CPU
		{F0C4FDFB-7FFE-443A-8FA9-66A48F3A61D7}.Debug|Any CPU.ActiveCfg = Debug|Any CPU
		{F0C4FDFB-7FFE-443A-8FA9-66A48F3A61D7}.Debug|Any CPU.Build.0 = Debug|Any CPU
		{F0C4FDFB-7FFE-443A-8FA9-66A48F3A61D7}.Release|Any CPU.ActiveCfg = Release|Any CPU
		{F0C4FDFB-7FFE-443A-8FA9-66A48F3A61D7}.Release|Any CPU.Build.0 = Release|Any CPU
		{7CC6A6AB-92F0-4A5B-94EA-92F490DBF12F}.Debug|Any CPU.ActiveCfg = Debug|Any CPU
		{7CC6A6AB-92F0-4A5B-94EA-92F490DBF12F}.Debug|Any CPU.Build.0 = Debug|Any CPU
		{7CC6A6AB-92F0-4A5B-94EA-92F490DBF12F}.Release|Any CPU.ActiveCfg = Release|Any CPU
		{7CC6A6AB-92F0-4A5B-94EA-92F490DBF12F}.Release|Any CPU.Build.0 = Release|Any CPU
		{AE281840-4384-48AB-BBBE-AE639FF79662}.Debug|Any CPU.ActiveCfg = Debug|Any CPU
		{AE281840-4384-48AB-BBBE-AE639FF79662}.Debug|Any CPU.Build.0 = Debug|Any CPU
		{AE281840-4384-48AB-BBBE-AE639FF79662}.Release|Any CPU.ActiveCfg = Release|Any CPU
		{AE281840-4384-48AB-BBBE-AE639FF79662}.Release|Any CPU.Build.0 = Release|Any CPU
		{647DB7CA-01EF-4497-9728-8EC8692C37A4}.Debug|Any CPU.ActiveCfg = Debug|Any CPU
		{647DB7CA-01EF-4497-9728-8EC8692C37A4}.Debug|Any CPU.Build.0 = Debug|Any CPU
		{647DB7CA-01EF-4497-9728-8EC8692C37A4}.Release|Any CPU.ActiveCfg = Release|Any CPU
		{647DB7CA-01EF-4497-9728-8EC8692C37A4}.Release|Any CPU.Build.0 = Release|Any CPU
		{7B7B9CD6-7691-4ECA-8E97-217C55BF9824}.Debug|Any CPU.ActiveCfg = Debug|Any CPU
		{7B7B9CD6-7691-4ECA-8E97-217C55BF9824}.Debug|Any CPU.Build.0 = Debug|Any CPU
		{7B7B9CD6-7691-4ECA-8E97-217C55BF9824}.Release|Any CPU.ActiveCfg = Release|Any CPU
		{7B7B9CD6-7691-4ECA-8E97-217C55BF9824}.Release|Any CPU.Build.0 = Release|Any CPU
		{9EDB1A50-35B6-4535-B828-64D54897F9CB}.Debug|Any CPU.ActiveCfg = Debug|Any CPU
		{9EDB1A50-35B6-4535-B828-64D54897F9CB}.Debug|Any CPU.Build.0 = Debug|Any CPU
		{9EDB1A50-35B6-4535-B828-64D54897F9CB}.Release|Any CPU.ActiveCfg = Release|Any CPU
		{9EDB1A50-35B6-4535-B828-64D54897F9CB}.Release|Any CPU.Build.0 = Release|Any CPU
		{345CD428-7B01-4DDD-8C93-EFC1C205F7FD}.Debug|Any CPU.ActiveCfg = Debug|Any CPU
		{345CD428-7B01-4DDD-8C93-EFC1C205F7FD}.Debug|Any CPU.Build.0 = Debug|Any CPU
		{345CD428-7B01-4DDD-8C93-EFC1C205F7FD}.Release|Any CPU.ActiveCfg = Release|Any CPU
		{345CD428-7B01-4DDD-8C93-EFC1C205F7FD}.Release|Any CPU.Build.0 = Release|Any CPU
		{3F284706-8CB5-4D6A-98B6-9E78A13F8FAE}.Debug|Any CPU.ActiveCfg = Debug|Any CPU
		{3F284706-8CB5-4D6A-98B6-9E78A13F8FAE}.Debug|Any CPU.Build.0 = Debug|Any CPU
		{3F284706-8CB5-4D6A-98B6-9E78A13F8FAE}.Release|Any CPU.ActiveCfg = Release|Any CPU
		{3F284706-8CB5-4D6A-98B6-9E78A13F8FAE}.Release|Any CPU.Build.0 = Release|Any CPU
		{4CE08A93-E6DF-4B79-A7E5-F9CEC20A3E45}.Debug|Any CPU.ActiveCfg = Debug|Any CPU
		{4CE08A93-E6DF-4B79-A7E5-F9CEC20A3E45}.Debug|Any CPU.Build.0 = Debug|Any CPU
		{4CE08A93-E6DF-4B79-A7E5-F9CEC20A3E45}.Release|Any CPU.ActiveCfg = Release|Any CPU
		{4CE08A93-E6DF-4B79-A7E5-F9CEC20A3E45}.Release|Any CPU.Build.0 = Release|Any CPU
		{11BDA65D-07DF-452C-A405-CDB501B983EB}.Debug|Any CPU.ActiveCfg = Debug|Any CPU
		{11BDA65D-07DF-452C-A405-CDB501B983EB}.Debug|Any CPU.Build.0 = Debug|Any CPU
		{11BDA65D-07DF-452C-A405-CDB501B983EB}.Release|Any CPU.ActiveCfg = Release|Any CPU
		{11BDA65D-07DF-452C-A405-CDB501B983EB}.Release|Any CPU.Build.0 = Release|Any CPU
		{A74CA3D2-DFA5-41E2-A1D0-696A655D9188}.Debug|Any CPU.ActiveCfg = Debug|Any CPU
		{A74CA3D2-DFA5-41E2-A1D0-696A655D9188}.Debug|Any CPU.Build.0 = Debug|Any CPU
		{A74CA3D2-DFA5-41E2-A1D0-696A655D9188}.Release|Any CPU.ActiveCfg = Release|Any CPU
		{A74CA3D2-DFA5-41E2-A1D0-696A655D9188}.Release|Any CPU.Build.0 = Release|Any CPU
		{3AE997B9-A347-419E-AA40-DB0227B55CED}.Debug|Any CPU.ActiveCfg = Debug|Any CPU
		{3AE997B9-A347-419E-AA40-DB0227B55CED}.Debug|Any CPU.Build.0 = Debug|Any CPU
		{3AE997B9-A347-419E-AA40-DB0227B55CED}.Release|Any CPU.ActiveCfg = Release|Any CPU
		{3AE997B9-A347-419E-AA40-DB0227B55CED}.Release|Any CPU.Build.0 = Release|Any CPU
		{D0EF0B7A-92E7-4777-9F55-0E48E3E06CC8}.Debug|Any CPU.ActiveCfg = Debug|Any CPU
		{D0EF0B7A-92E7-4777-9F55-0E48E3E06CC8}.Debug|Any CPU.Build.0 = Debug|Any CPU
		{D0EF0B7A-92E7-4777-9F55-0E48E3E06CC8}.Release|Any CPU.ActiveCfg = Release|Any CPU
		{D0EF0B7A-92E7-4777-9F55-0E48E3E06CC8}.Release|Any CPU.Build.0 = Release|Any CPU
		{A2CB305A-6C8C-44AA-9803-29B253238A2C}.Debug|Any CPU.ActiveCfg = Debug|Any CPU
		{A2CB305A-6C8C-44AA-9803-29B253238A2C}.Debug|Any CPU.Build.0 = Debug|Any CPU
		{A2CB305A-6C8C-44AA-9803-29B253238A2C}.Release|Any CPU.ActiveCfg = Release|Any CPU
		{A2CB305A-6C8C-44AA-9803-29B253238A2C}.Release|Any CPU.Build.0 = Release|Any CPU
	EndGlobalSection
	GlobalSection(SolutionProperties) = preSolution
		HideSolutionNode = FALSE
	EndGlobalSection
	GlobalSection(NestedProjects) = preSolution
		{42FD661D-F610-41D6-80B5-B3E84B964196} = {9648E498-D875-4607-9CBD-DC255D959AF2}
		{C85FB128-C030-41E2-9CA4-98F4D7DD3F9C} = {9648E498-D875-4607-9CBD-DC255D959AF2}
		{0B5664CF-EABA-4A5C-8811-62ABAA5F9533} = {9648E498-D875-4607-9CBD-DC255D959AF2}
		{2285EABC-E096-4A8E-9D0F-87DDD1892867} = {9648E498-D875-4607-9CBD-DC255D959AF2}
		{7D772CE7-A1A5-4184-A3E8-15318FCEF7B7} = {5FAF1EA8-EF0C-40B5-9CB4-8F48BEDF2E10}
		{37ACD3E7-7FCD-432C-82C9-512C20760AF0} = {5FAF1EA8-EF0C-40B5-9CB4-8F48BEDF2E10}
		{29F7F747-CEA1-428E-BDE2-BF782FB79598} = {5FAF1EA8-EF0C-40B5-9CB4-8F48BEDF2E10}
		{5FA8989B-E250-4E40-85EF-46EB26DE9EFD} = {5FAF1EA8-EF0C-40B5-9CB4-8F48BEDF2E10}
		{3462A3F9-A133-496B-AAEE-C91E3B8478CE} = {5FAF1EA8-EF0C-40B5-9CB4-8F48BEDF2E10}
		{5238C020-8E30-4CB2-B44F-2966244C9840} = {5FAF1EA8-EF0C-40B5-9CB4-8F48BEDF2E10}
		{4E4843A1-E855-4727-83D3-A1896257135F} = {34395C9A-2EEC-48FE-A49C-D7145D85042D}
		{BFA9029F-BDF9-4848-8341-F8DE905A665C} = {34395C9A-2EEC-48FE-A49C-D7145D85042D}
		{34C58296-6DD5-438E-BC07-4472AF4F5E80} = {34395C9A-2EEC-48FE-A49C-D7145D85042D}
		{F0C4FDFB-7FFE-443A-8FA9-66A48F3A61D7} = {34395C9A-2EEC-48FE-A49C-D7145D85042D}
		{7CC6A6AB-92F0-4A5B-94EA-92F490DBF12F} = {34395C9A-2EEC-48FE-A49C-D7145D85042D}
		{AE281840-4384-48AB-BBBE-AE639FF79662} = {34395C9A-2EEC-48FE-A49C-D7145D85042D}
		{647DB7CA-01EF-4497-9728-8EC8692C37A4} = {34395C9A-2EEC-48FE-A49C-D7145D85042D}
		{7B7B9CD6-7691-4ECA-8E97-217C55BF9824} = {34395C9A-2EEC-48FE-A49C-D7145D85042D}
		{9EDB1A50-35B6-4535-B828-64D54897F9CB} = {34395C9A-2EEC-48FE-A49C-D7145D85042D}
		{345CD428-7B01-4DDD-8C93-EFC1C205F7FD} = {34395C9A-2EEC-48FE-A49C-D7145D85042D}
		{3F284706-8CB5-4D6A-98B6-9E78A13F8FAE} = {34395C9A-2EEC-48FE-A49C-D7145D85042D}
		{4CE08A93-E6DF-4B79-A7E5-F9CEC20A3E45} = {CB3441F5-84C7-4FB5-89D4-7529252EAFB4}
		{11BDA65D-07DF-452C-A405-CDB501B983EB} = {AA0479AC-F62E-4F47-A277-64306FD78656}
		{A74CA3D2-DFA5-41E2-A1D0-696A655D9188} = {AA0479AC-F62E-4F47-A277-64306FD78656}
		{3AE997B9-A347-419E-AA40-DB0227B55CED} = {AA0479AC-F62E-4F47-A277-64306FD78656}
		{D0EF0B7A-92E7-4777-9F55-0E48E3E06CC8} = {AA0479AC-F62E-4F47-A277-64306FD78656}
		{A2CB305A-6C8C-44AA-9803-29B253238A2C} = {88A7DFCA-7396-48C4-A755-CA1A3CCE1577}
	EndGlobalSection
	GlobalSection(ExtensibilityGlobals) = postSolution
		SolutionGuid = {CD25405F-2907-4532-868E-F4E893BB96F3}
	EndGlobalSection
EndGlobal
